
Microsoft Visual Studio Solution File, Format Version 12.00
# Visual Studio 15
VisualStudioVersion = 15.0.27428.2002
MinimumVisualStudioVersion = 10.0.40219.1
Project("{FAE04EC0-301F-11D3-BF4B-00C04F79EFBC}") = "JavaScript", "JavaScript\JavaScript.csproj", "{514292E9-C19B-4801-9C83-739B3F4F31E2}"
EndProject
Global
	GlobalSection(SolutionConfigurationPlatforms) = preSolution
		Debug|Any CPU = Debug|Any CPU
		Release|Any CPU = Release|Any CPU
	EndGlobalSection
	GlobalSection(ProjectConfigurationPlatforms) = postSolution
		{514292E9-C19B-4801-9C83-739B3F4F31E2}.Debug|Any CPU.ActiveCfg = Debug|Any CPU
		{514292E9-C19B-4801-9C83-739B3F4F31E2}.Debug|Any CPU.Build.0 = Debug|Any CPU
		{514292E9-C19B-4801-9C83-739B3F4F31E2}.Release|Any CPU.ActiveCfg = Release|Any CPU
		{514292E9-C19B-4801-9C83-739B3F4F31E2}.Release|Any CPU.Build.0 = Release|Any CPU
	EndGlobalSection
	GlobalSection(SolutionProperties) = preSolution
		HideSolutionNode = FALSE
	EndGlobalSection
	GlobalSection(ExtensibilityGlobals) = postSolution
		SolutionGuid = {D3E2A0DA-B37D-4D66-A653-04DE427FE9B0}
	EndGlobalSection
EndGlobal
